
Microsoft Visual Studio Solution File, Format Version 12.00
# Visual Studio Version 17
VisualStudioVersion = 17.6.33829.357
MinimumVisualStudioVersion = 10.0.40219.1
Project("{FAE04EC0-301F-11D3-BF4B-00C04F79EFBC}") = "2201261091", "2201261091\2201261091.csproj", "{EBBEDA55-3DF2-43D4-BDC7-1BAA1A2EFAF1}"
EndProject
Global
	GlobalSection(SolutionConfigurationPlatforms) = preSolution
		Debug|Any CPU = Debug|Any CPU
		Release|Any CPU = Release|Any CPU
	EndGlobalSection
	GlobalSection(ProjectConfigurationPlatforms) = postSolution
		{EBBEDA55-3DF2-43D4-BDC7-1BAA1A2EFAF1}.Debug|Any CPU.ActiveCfg = Debug|Any CPU
		{EBBEDA55-3DF2-43D4-BDC7-1BAA1A2EFAF1}.Debug|Any CPU.Build.0 = Debug|Any CPU
		{EBBEDA55-3DF2-43D4-BDC7-1BAA1A2EFAF1}.Release|Any CPU.ActiveCfg = Release|Any CPU
		{EBBEDA55-3DF2-43D4-BDC7-1BAA1A2EFAF1}.Release|Any CPU.Build.0 = Release|Any CPU
	EndGlobalSection
	GlobalSection(SolutionProperties) = preSolution
		HideSolutionNode = FALSE
	EndGlobalSection
	GlobalSection(ExtensibilityGlobals) = postSolution
		SolutionGuid = {1642CEBD-5B51-40C3-92F4-C0E57A6EEFE1}
	EndGlobalSection
EndGlobal
